// !$*UTF8*$!
{
	archiveVersion = 1;
	classes = {
	};
	objectVersion = 55;
	objects = {

/* Begin PBXBuildFile section */
		8809D5572A4E35140024B3AE /* iUsersApp.swift in Sources */ = {isa = PBXBuildFile; fileRef = 8809D5562A4E35140024B3AE /* iUsersApp.swift */; };
		8809D5592A4E35140024B3AE /* ContentView.swift in Sources */ = {isa = PBXBuildFile; fileRef = 8809D5582A4E35140024B3AE /* ContentView.swift */; };
		8809D55B2A4E35170024B3AE /* Assets.xcassets in Resources */ = {isa = PBXBuildFile; fileRef = 8809D55A2A4E35170024B3AE /* Assets.xcassets */; };
		8809D55E2A4E35170024B3AE /* Preview Assets.xcassets in Resources */ = {isa = PBXBuildFile; fileRef = 8809D55D2A4E35170024B3AE /* Preview Assets.xcassets */; };
		8809D5682A4E374D0024B3AE /* RemoteAPI.swift in Sources */ = {isa = PBXBuildFile; fileRef = 8809D5672A4E374D0024B3AE /* RemoteAPI.swift */; };
		8809D56A2A4E38840024B3AE /* UserDTO.swift in Sources */ = {isa = PBXBuildFile; fileRef = 8809D5692A4E38840024B3AE /* UserDTO.swift */; };
		8809D56E2A4E398F0024B3AE /* FriendDTO.swift in Sources */ = {isa = PBXBuildFile; fileRef = 8809D56D2A4E398F0024B3AE /* FriendDTO.swift */; };
		8809D5702A4E3DDB0024B3AE /* UserController.swift in Sources */ = {isa = PBXBuildFile; fileRef = 8809D56F2A4E3DDB0024B3AE /* UserController.swift */; };
		8809D5722A4E3EB00024B3AE /* LoadingView.swift in Sources */ = {isa = PBXBuildFile; fileRef = 8809D5712A4E3EB00024B3AE /* LoadingView.swift */; };
		8809D5742A4E43B40024B3AE /* UserDetailView.swift in Sources */ = {isa = PBXBuildFile; fileRef = 8809D5732A4E43B40024B3AE /* UserDetailView.swift */; };
/* End PBXBuildFile section */

/* Begin PBXFileReference section */
		8809D5532A4E35140024B3AE /* iUsers.app */ = {isa = PBXFileReference; explicitFileType = wrapper.application; includeInIndex = 0; path = iUsers.app; sourceTree = BUILT_PRODUCTS_DIR; };
		8809D5562A4E35140024B3AE /* iUsersApp.swift */ = {isa = PBXFileReference; lastKnownFileType = sourcecode.swift; path = iUsersApp.swift; sourceTree = "<group>"; };
		8809D5582A4E35140024B3AE /* ContentView.swift */ = {isa = PBXFileReference; lastKnownFileType = sourcecode.swift; path = ContentView.swift; sourceTree = "<group>"; };
		8809D55A2A4E35170024B3AE /* Assets.xcassets */ = {isa = PBXFileReference; lastKnownFileType = folder.assetcatalog; path = Assets.xcassets; sourceTree = "<group>"; };
		8809D55D2A4E35170024B3AE /* Preview Assets.xcassets */ = {isa = PBXFileReference; lastKnownFileType = folder.assetcatalog; path = "Preview Assets.xcassets"; sourceTree = "<group>"; };
		8809D5672A4E374D0024B3AE /* RemoteAPI.swift */ = {isa = PBXFileReference; lastKnownFileType = sourcecode.swift; path = RemoteAPI.swift; sourceTree = "<group>"; };
		8809D5692A4E38840024B3AE /* UserDTO.swift */ = {isa = PBXFileReference; lastKnownFileType = sourcecode.swift; path = UserDTO.swift; sourceTree = "<group>"; };
		8809D56D2A4E398F0024B3AE /* FriendDTO.swift */ = {isa = PBXFileReference; lastKnownFileType = sourcecode.swift; path = FriendDTO.swift; sourceTree = "<group>"; };
		8809D56F2A4E3DDB0024B3AE /* UserController.swift */ = {isa = PBXFileReference; lastKnownFileType = sourcecode.swift; path = UserController.swift; sourceTree = "<group>"; };
		8809D5712A4E3EB00024B3AE /* LoadingView.swift */ = {isa = PBXFileReference; lastKnownFileType = sourcecode.swift; path = LoadingView.swift; sourceTree = "<group>"; };
		8809D5732A4E43B40024B3AE /* UserDetailView.swift */ = {isa = PBXFileReference; lastKnownFileType = sourcecode.swift; path = UserDetailView.swift; sourceTree = "<group>"; };
/* End PBXFileReference section */

/* Begin PBXFrameworksBuildPhase section */
		8809D5502A4E35140024B3AE /* Frameworks */ = {
			isa = PBXFrameworksBuildPhase;
			buildActionMask = 2147483647;
			files = (
			);
			runOnlyForDeploymentPostprocessing = 0;
		};
/* End PBXFrameworksBuildPhase section */

/* Begin PBXGroup section */
		8809D54A2A4E35140024B3AE = {
			isa = PBXGroup;
			children = (
				8809D5552A4E35140024B3AE /* iUsers */,
				8809D5542A4E35140024B3AE /* Products */,
			);
			sourceTree = "<group>";
		};
		8809D5542A4E35140024B3AE /* Products */ = {
			isa = PBXGroup;
			children = (
				8809D5532A4E35140024B3AE /* iUsers.app */,
			);
			name = Products;
			sourceTree = "<group>";
		};
		8809D5552A4E35140024B3AE /* iUsers */ = {
			isa = PBXGroup;
			children = (
				8809D5662A4E35910024B3AE /* View */,
				8809D5652A4E35710024B3AE /* Controller */,
				8809D5642A4E35660024B3AE /* Model */,
				8809D5562A4E35140024B3AE /* iUsersApp.swift */,
				8809D55A2A4E35170024B3AE /* Assets.xcassets */,
				8809D55C2A4E35170024B3AE /* Preview Content */,
			);
			path = iUsers;
			sourceTree = "<group>";
		};
		8809D55C2A4E35170024B3AE /* Preview Content */ = {
			isa = PBXGroup;
			children = (
				8809D55D2A4E35170024B3AE /* Preview Assets.xcassets */,
			);
			path = "Preview Content";
			sourceTree = "<group>";
		};
		8809D5642A4E35660024B3AE /* Model */ = {
			isa = PBXGroup;
			children = (
				8809D5692A4E38840024B3AE /* UserDTO.swift */,
				8809D56D2A4E398F0024B3AE /* FriendDTO.swift */,
			);
			path = Model;
			sourceTree = "<group>";
		};
		8809D5652A4E35710024B3AE /* Controller */ = {
			isa = PBXGroup;
			children = (
				8809D5672A4E374D0024B3AE /* RemoteAPI.swift */,
				8809D56F2A4E3DDB0024B3AE /* UserController.swift */,
			);
			path = Controller;
			sourceTree = "<group>";
		};
		8809D5662A4E35910024B3AE /* View */ = {
			isa = PBXGroup;
			children = (
				8809D5582A4E35140024B3AE /* ContentView.swift */,
				8809D5712A4E3EB00024B3AE /* LoadingView.swift */,
				8809D5732A4E43B40024B3AE /* UserDetailView.swift */,
			);
			path = View;
			sourceTree = "<group>";
		};
/* End PBXGroup section */

/* Begin PBXNativeTarget section */
		8809D5522A4E35140024B3AE /* iUsers */ = {
			isa = PBXNativeTarget;
			buildConfigurationList = 8809D5612A4E35170024B3AE /* Build configuration list for PBXNativeTarget "iUsers" */;
			buildPhases = (
				8809D54F2A4E35140024B3AE /* Sources */,
				8809D5502A4E35140024B3AE /* Frameworks */,
				8809D5512A4E35140024B3AE /* Resources */,
			);
			buildRules = (
			);
			dependencies = (
			);
			name = iUsers;
			productName = iUsers;
			productReference = 8809D5532A4E35140024B3AE /* iUsers.app */;
			productType = "com.apple.product-type.application";
		};
/* End PBXNativeTarget section */

/* Begin PBXProject section */
		8809D54B2A4E35140024B3AE /* Project object */ = {
			isa = PBXProject;
			attributes = {
				BuildIndependentTargetsInParallel = 1;
				LastSwiftUpdateCheck = 1320;
				LastUpgradeCheck = 1320;
				TargetAttributes = {
					8809D5522A4E35140024B3AE = {
						CreatedOnToolsVersion = 13.2.1;
					};
				};
			};
			buildConfigurationList = 8809D54E2A4E35140024B3AE /* Build configuration list for PBXProject "iUsers" */;
			compatibilityVersion = "Xcode 13.0";
			developmentRegion = en;
			hasScannedForEncodings = 0;
			knownRegions = (
				en,
				Base,
			);
			mainGroup = 8809D54A2A4E35140024B3AE;
			productRefGroup = 8809D5542A4E35140024B3AE /* Products */;
			projectDirPath = "";
			projectRoot = "";
			targets = (
				8809D5522A4E35140024B3AE /* iUsers */,
			);
		};
/* End PBXProject section */

/* Begin PBXResourcesBuildPhase section */
		8809D5512A4E35140024B3AE /* Resources */ = {
			isa = PBXResourcesBuildPhase;
			buildActionMask = 2147483647;
			files = (
				8809D55E2A4E35170024B3AE /* Preview Assets.xcassets in Resources */,
				8809D55B2A4E35170024B3AE /* Assets.xcassets in Resources */,
			);
			runOnlyForDeploymentPostprocessing = 0;
		};
/* End PBXResourcesBuildPhase section */

/* Begin PBXSourcesBuildPhase section */
		8809D54F2A4E35140024B3AE /* Sources */ = {
			isa = PBXSourcesBuildPhase;
			buildActionMask = 2147483647;
			files = (
				8809D5702A4E3DDB0024B3AE /* UserController.swift in Sources */,
				8809D5592A4E35140024B3AE /* ContentView.swift in Sources */,
				8809D56E2A4E398F0024B3AE /* FriendDTO.swift in Sources */,
				8809D5682A4E374D0024B3AE /* RemoteAPI.swift in Sources */,
				8809D5742A4E43B40024B3AE /* UserDetailView.swift in Sources */,
				8809D56A2A4E38840024B3AE /* UserDTO.swift in Sources */,
				8809D5722A4E3EB00024B3AE /* LoadingView.swift in Sources */,
				8809D5572A4E35140024B3AE /* iUsersApp.swift in Sources */,
			);
			runOnlyForDeploymentPostprocessing = 0;
		};
/* End PBXSourcesBuildPhase section */

/* Begin XCBuildConfiguration section */
		8809D55F2A4E35170024B3AE /* Debug */ = {
			isa = XCBuildConfiguration;
			buildSettings = {
				ALWAYS_SEARCH_USER_PATHS = NO;
				CLANG_ANALYZER_NONNULL = YES;
				CLANG_ANALYZER_NUMBER_OBJECT_CONVERSION = YES_AGGRESSIVE;
				CLANG_CXX_LANGUAGE_STANDARD = "gnu++17";
				CLANG_CXX_LIBRARY = "libc++";
				CLANG_ENABLE_MODULES = YES;
				CLANG_ENABLE_OBJC_ARC = YES;
				CLANG_ENABLE_OBJC_WEAK = YES;
				CLANG_WARN_BLOCK_CAPTURE_AUTORELEASING = YES;
				CLANG_WARN_BOOL_CONVERSION = YES;
				CLANG_WARN_COMMA = YES;
				CLANG_WARN_CONSTANT_CONVERSION = YES;
				CLANG_WARN_DEPRECATED_OBJC_IMPLEMENTATIONS = YES;
				CLANG_WARN_DIRECT_OBJC_ISA_USAGE = YES_ERROR;
				CLANG_WARN_DOCUMENTATION_COMMENTS = YES;
				CLANG_WARN_EMPTY_BODY = YES;
				CLANG_WARN_ENUM_CONVERSION = YES;
				CLANG_WARN_INFINITE_RECURSION = YES;
				CLANG_WARN_INT_CONVERSION = YES;
				CLANG_WARN_NON_LITERAL_NULL_CONVERSION = YES;
				CLANG_WARN_OBJC_IMPLICIT_RETAIN_SELF = YES;
				CLANG_WARN_OBJC_LITERAL_CONVERSION = YES;
				CLANG_WARN_OBJC_ROOT_CLASS = YES_ERROR;
				CLANG_WARN_QUOTED_INCLUDE_IN_FRAMEWORK_HEADER = YES;
				CLANG_WARN_RANGE_LOOP_ANALYSIS = YES;
				CLANG_WARN_STRICT_PROTOTYPES = YES;
				CLANG_WARN_SUSPICIOUS_MOVE = YES;
				CLANG_WARN_UNGUARDED_AVAILABILITY = YES_AGGRESSIVE;
				CLANG_WARN_UNREACHABLE_CODE = YES;
				CLANG_WARN__DUPLICATE_METHOD_MATCH = YES;
				COPY_PHASE_STRIP = NO;
				DEBUG_INFORMATION_FORMAT = dwarf;
				ENABLE_STRICT_OBJC_MSGSEND = YES;
				ENABLE_TESTABILITY = YES;
				GCC_C_LANGUAGE_STANDARD = gnu11;
				GCC_DYNAMIC_NO_PIC = NO;
				GCC_NO_COMMON_BLOCKS = YES;
				GCC_OPTIMIZATION_LEVEL = 0;
				GCC_PREPROCESSOR_DEFINITIONS = (
					"DEBUG=1",
					"$(inherited)",
				);
				GCC_WARN_64_TO_32_BIT_CONVERSION = YES;
				GCC_WARN_ABOUT_RETURN_TYPE = YES_ERROR;
				GCC_WARN_UNDECLARED_SELECTOR = YES;
				GCC_WARN_UNINITIALIZED_AUTOS = YES_AGGRESSIVE;
				GCC_WARN_UNUSED_FUNCTION = YES;
				GCC_WARN_UNUSED_VARIABLE = YES;
				IPHONEOS_DEPLOYMENT_TARGET = 15.2;
				MTL_ENABLE_DEBUG_INFO = INCLUDE_SOURCE;
				MTL_FAST_MATH = YES;
				ONLY_ACTIVE_ARCH = YES;
				SDKROOT = iphoneos;
				SWIFT_ACTIVE_COMPILATION_CONDITIONS = DEBUG;
				SWIFT_OPTIMIZATION_LEVEL = "-Onone";
			};
			name = Debug;
		};
		8809D5602A4E35170024B3AE /* Release */ = {
			isa = XCBuildConfiguration;
			buildSettings = {
				ALWAYS_SEARCH_USER_PATHS = NO;
				CLANG_ANALYZER_NONNULL = YES;
				CLANG_ANALYZER_NUMBER_OBJECT_CONVERSION = YES_AGGRESSIVE;
				CLANG_CXX_LANGUAGE_STANDARD = "gnu++17";
				CLANG_CXX_LIBRARY = "libc++";
				CLANG_ENABLE_MODULES = YES;
				CLANG_ENABLE_OBJC_ARC = YES;
				CLANG_ENABLE_OBJC_WEAK = YES;
				CLANG_WARN_BLOCK_CAPTURE_AUTORELEASING = YES;
				CLANG_WARN_BOOL_CONVERSION = YES;
				CLANG_WARN_COMMA = YES;
				CLANG_WARN_CONSTANT_CONVERSION = YES;
				CLANG_WARN_DEPRECATED_OBJC_IMPLEMENTATIONS = YES;
				CLANG_WARN_DIRECT_OBJC_ISA_USAGE = YES_ERROR;
				CLANG_WARN_DOCUMENTATION_COMMENTS = YES;
				CLANG_WARN_EMPTY_BODY = YES;
				CLANG_WARN_ENUM_CONVERSION = YES;
				CLANG_WARN_INFINITE_RECURSION = YES;
				CLANG_WARN_INT_CONVERSION = YES;
				CLANG_WARN_NON_LITERAL_NULL_CONVERSION = YES;
				CLANG_WARN_OBJC_IMPLICIT_RETAIN_SELF = YES;
				CLANG_WARN_OBJC_LITERAL_CONVERSION = YES;
				CLANG_WARN_OBJC_ROOT_CLASS = YES_ERROR;
				CLANG_WARN_QUOTED_INCLUDE_IN_FRAMEWORK_HEADER = YES;
				CLANG_WARN_RANGE_LOOP_ANALYSIS = YES;
				CLANG_WARN_STRICT_PROTOTYPES = YES;
				CLANG_WARN_SUSPICIOUS_MOVE = YES;
				CLANG_WARN_UNGUARDED_AVAILABILITY = YES_AGGRESSIVE;
				CLANG_WARN_UNREACHABLE_CODE = YES;
				CLANG_WARN__DUPLICATE_METHOD_MATCH = YES;
				COPY_PHASE_STRIP = NO;
				DEBUG_INFORMATION_FORMAT = "dwarf-with-dsym";
				ENABLE_NS_ASSERTIONS = NO;
				ENABLE_STRICT_OBJC_MSGSEND = YES;
				GCC_C_LANGUAGE_STANDARD = gnu11;
				GCC_NO_COMMON_BLOCKS = YES;
				GCC_WARN_64_TO_32_BIT_CONVERSION = YES;
				GCC_WARN_ABOUT_RETURN_TYPE = YES_ERROR;
				GCC_WARN_UNDECLARED_SELECTOR = YES;
				GCC_WARN_UNINITIALIZED_AUTOS = YES_AGGRESSIVE;
				GCC_WARN_UNUSED_FUNCTION = YES;
				GCC_WARN_UNUSED_VARIABLE = YES;
				IPHONEOS_DEPLOYMENT_TARGET = 15.2;
				MTL_ENABLE_DEBUG_INFO = NO;
				MTL_FAST_MATH = YES;
				SDKROOT = iphoneos;
				SWIFT_COMPILATION_MODE = wholemodule;
				SWIFT_OPTIMIZATION_LEVEL = "-O";
				VALIDATE_PRODUCT = YES;
			};
			name = Release;
		};
		8809D5622A4E35170024B3AE /* Debug */ = {
			isa = XCBuildConfiguration;
			buildSettings = {
				ASSETCATALOG_COMPILER_APPICON_NAME = AppIcon;
				ASSETCATALOG_COMPILER_GLOBAL_ACCENT_COLOR_NAME = AccentColor;
				CODE_SIGN_STYLE = Automatic;
				CURRENT_PROJECT_VERSION = 1;
				DEVELOPMENT_ASSET_PATHS = "\"iUsers/Preview Content\"";
				DEVELOPMENT_TEAM = G4D7QHTNZ6;
				ENABLE_PREVIEWS = YES;
				GENERATE_INFOPLIST_FILE = YES;
				INFOPLIST_KEY_UIApplicationSceneManifest_Generation = YES;
				INFOPLIST_KEY_UIApplicationSupportsIndirectInputEvents = YES;
				INFOPLIST_KEY_UILaunchScreen_Generation = YES;
				INFOPLIST_KEY_UISupportedInterfaceOrientations_iPad = "UIInterfaceOrientationPortrait UIInterfaceOrientationPortraitUpsideDown UIInterfaceOrientationLandscapeLeft UIInterfaceOrientationLandscapeRight";
				INFOPLIST_KEY_UISupportedInterfaceOrientations_iPhone = "UIInterfaceOrientationPortrait UIInterfaceOrientationLandscapeLeft UIInterfaceOrientationLandscapeRight";
				LD_RUNPATH_SEARCH_PATHS = (
					"$(inherited)",
					"@executable_path/Frameworks",
				);
				MARKETING_VERSION = 1.0;
				PRODUCT_BUNDLE_IDENTIFIER = com.nflsilva.ios.iUsers;
				PRODUCT_NAME = "$(TARGET_NAME)";
				SWIFT_EMIT_LOC_STRINGS = YES;
				SWIFT_VERSION = 5.0;
				TARGETED_DEVICE_FAMILY = "1,2";
			};
			name = Debug;
		};
		8809D5632A4E35170024B3AE /* Release */ = {
			isa = XCBuildConfiguration;
			buildSettings = {
				ASSETCATALOG_COMPILER_APPICON_NAME = AppIcon;
				ASSETCATALOG_COMPILER_GLOBAL_ACCENT_COLOR_NAME = AccentColor;
				CODE_SIGN_STYLE = Automatic;
				CURRENT_PROJECT_VERSION = 1;
				DEVELOPMENT_ASSET_PATHS = "\"iUsers/Preview Content\"";
				DEVELOPMENT_TEAM = G4D7QHTNZ6;
				ENABLE_PREVIEWS = YES;
				GENERATE_INFOPLIST_FILE = YES;
				INFOPLIST_KEY_UIApplicationSceneManifest_Generation = YES;
				INFOPLIST_KEY_UIApplicationSupportsIndirectInputEvents = YES;
				INFOPLIST_KEY_UILaunchScreen_Generation = YES;
				INFOPLIST_KEY_UISupportedInterfaceOrientations_iPad = "UIInterfaceOrientationPortrait UIInterfaceOrientationPortraitUpsideDown UIInterfaceOrientationLandscapeLeft UIInterfaceOrientationLandscapeRight";
				INFOPLIST_KEY_UISupportedInterfaceOrientations_iPhone = "UIInterfaceOrientationPortrait UIInterfaceOrientationLandscapeLeft UIInterfaceOrientationLandscapeRight";
				LD_RUNPATH_SEARCH_PATHS = (
					"$(inherited)",
					"@executable_path/Frameworks",
				);
				MARKETING_VERSION = 1.0;
				PRODUCT_BUNDLE_IDENTIFIER = com.nflsilva.ios.iUsers;
				PRODUCT_NAME = "$(TARGET_NAME)";
				SWIFT_EMIT_LOC_STRINGS = YES;
				SWIFT_VERSION = 5.0;
				TARGETED_DEVICE_FAMILY = "1,2";
			};
			name = Release;
		};
/* End XCBuildConfiguration section */

/* Begin XCConfigurationList section */
		8809D54E2A4E35140024B3AE /* Build configuration list for PBXProject "iUsers" */ = {
			isa = XCConfigurationList;
			buildConfigurations = (
				8809D55F2A4E35170024B3AE /* Debug */,
				8809D5602A4E35170024B3AE /* Release */,
			);
			defaultConfigurationIsVisible = 0;
			defaultConfigurationName = Release;
		};
		8809D5612A4E35170024B3AE /* Build configuration list for PBXNativeTarget "iUsers" */ = {
			isa = XCConfigurationList;
			buildConfigurations = (
				8809D5622A4E35170024B3AE /* Debug */,
				8809D5632A4E35170024B3AE /* Release */,
			);
			defaultConfigurationIsVisible = 0;
			defaultConfigurationName = Release;
		};
/* End XCConfigurationList section */
	};
	rootObject = 8809D54B2A4E35140024B3AE /* Project object */;
}
